
Microsoft Visual Studio Solution File, Format Version 12.00
# Visual Studio Version 16
VisualStudioVersion = 16.0.31702.278
MinimumVisualStudioVersion = 10.0.40219.1
Project("{8BC9CEB8-8B4A-11D0-8D11-00A0C91BC942}") = "dop_zadanie_del5", "dop_zadanie_del5\dop_zadanie_del5.vcxproj", "{BCB08F14-4CAB-4F43-987C-6916A9DB750B}"
EndProject
Project("{8BC9CEB8-8B4A-11D0-8D11-00A0C91BC942}") = "dop_zadanie_del5_ternarn", "dop_zadanie_del5_ternarn\dop_zadanie_del5_ternarn.vcxproj", "{276890C6-06B9-4A87-ADFA-E7C66F67043C}"
EndProject
Global
	GlobalSection(SolutionConfigurationPlatforms) = preSolution
		Debug|x64 = Debug|x64
		Debug|x86 = Debug|x86
		Release|x64 = Release|x64
		Release|x86 = Release|x86
	EndGlobalSection
	GlobalSection(ProjectConfigurationPlatforms) = postSolution
		{BCB08F14-4CAB-4F43-987C-6916A9DB750B}.Debug|x64.ActiveCfg = Debug|x64
		{BCB08F14-4CAB-4F43-987C-6916A9DB750B}.Debug|x64.Build.0 = Debug|x64
		{BCB08F14-4CAB-4F43-987C-6916A9DB750B}.Debug|x86.ActiveCfg = Debug|Win32
		{BCB08F14-4CAB-4F43-987C-6916A9DB750B}.Debug|x86.Build.0 = Debug|Win32
		{BCB08F14-4CAB-4F43-987C-6916A9DB750B}.Release|x64.ActiveCfg = Release|x64
		{BCB08F14-4CAB-4F43-987C-6916A9DB750B}.Release|x64.Build.0 = Release|x64
		{BCB08F14-4CAB-4F43-987C-6916A9DB750B}.Release|x86.ActiveCfg = Release|Win32
		{BCB08F14-4CAB-4F43-987C-6916A9DB750B}.Release|x86.Build.0 = Release|Win32
		{276890C6-06B9-4A87-ADFA-E7C66F67043C}.Debug|x64.ActiveCfg = Debug|x64
		{276890C6-06B9-4A87-ADFA-E7C66F67043C}.Debug|x64.Build.0 = Debug|x64
		{276890C6-06B9-4A87-ADFA-E7C66F67043C}.Debug|x86.ActiveCfg = Debug|Win32
		{276890C6-06B9-4A87-ADFA-E7C66F67043C}.Debug|x86.Build.0 = Debug|Win32
		{276890C6-06B9-4A87-ADFA-E7C66F67043C}.Release|x64.ActiveCfg = Release|x64
		{276890C6-06B9-4A87-ADFA-E7C66F67043C}.Release|x64.Build.0 = Release|x64
		{276890C6-06B9-4A87-ADFA-E7C66F67043C}.Release|x86.ActiveCfg = Release|Win32
		{276890C6-06B9-4A87-ADFA-E7C66F67043C}.Release|x86.Build.0 = Release|Win32
	EndGlobalSection
	GlobalSection(SolutionProperties) = preSolution
		HideSolutionNode = FALSE
	EndGlobalSection
	GlobalSection(ExtensibilityGlobals) = postSolution
		SolutionGuid = {729884DC-D062-419F-AC6D-3088CEFEA8F3}
	EndGlobalSection
EndGlobal
