
Microsoft Visual Studio Solution File, Format Version 12.00
# Visual Studio Version 16
VisualStudioVersion = 16.0.31515.178
MinimumVisualStudioVersion = 10.0.40219.1
Project("{8BC9CEB8-8B4A-11D0-8D11-00A0C91BC942}") = "OAPLab_4_1", "OAPLab_4_1\OAPLab_4_1.vcxproj", "{EC588A89-7CC2-445F-B894-0322E5567262}"
EndProject
Project("{8BC9CEB8-8B4A-11D0-8D11-00A0C91BC942}") = "OAPLab_4_2", "..\OAPLab_4_2\OAPLab_4_2\OAPLab_4_2.vcxproj", "{C57CE2A5-0CFF-40A1-B4A9-B01A45521E59}"
EndProject
Project("{8BC9CEB8-8B4A-11D0-8D11-00A0C91BC942}") = "OAPLab_4_3", "..\OAPLab_4_3\OAPLab_4_3\OAPLab_4_3.vcxproj", "{C4442930-6C1C-4208-BBD0-E95F4072D4DD}"
EndProject
Project("{8BC9CEB8-8B4A-11D0-8D11-00A0C91BC942}") = "OAPLab_4_4_2", "..\OAPLab_4_4_2\OAPLab_4_4_2\OAPLab_4_4_2.vcxproj", "{184E8F25-8491-4439-910C-51F835DFEF3B}"
EndProject
Project("{8BC9CEB8-8B4A-11D0-8D11-00A0C91BC942}") = "OAPLab_4_5", "..\OAPLAB_4_5\OAPLab_4_1\OAPLab_4_5.vcxproj", "{1AB13F46-399F-4094-B394-4A6627383FC3}"
EndProject
Project("{8BC9CEB8-8B4A-11D0-8D11-00A0C91BC942}") = "OAPLAB_4_6", "..\OAPLAB_4_6\OAPLAB_4_2\OAPLAB_4_6.vcxproj", "{C82DC28E-A56A-43F9-B698-E478B4F717CF}"
EndProject
Project("{8BC9CEB8-8B4A-11D0-8D11-00A0C91BC942}") = "OAPLab_4_7", "..\OAPLab_4_7\OAPLab_4_7\OAPLab_4_7.vcxproj", "{41499B3D-1E39-40DB-B553-0233F41049FA}"
EndProject
Global
	GlobalSection(SolutionConfigurationPlatforms) = preSolution
		Debug|x64 = Debug|x64
		Debug|x86 = Debug|x86
		Release|x64 = Release|x64
		Release|x86 = Release|x86
	EndGlobalSection
	GlobalSection(ProjectConfigurationPlatforms) = postSolution
		{EC588A89-7CC2-445F-B894-0322E5567262}.Debug|x64.ActiveCfg = Debug|x64
		{EC588A89-7CC2-445F-B894-0322E5567262}.Debug|x64.Build.0 = Debug|x64
		{EC588A89-7CC2-445F-B894-0322E5567262}.Debug|x86.ActiveCfg = Debug|Win32
		{EC588A89-7CC2-445F-B894-0322E5567262}.Debug|x86.Build.0 = Debug|Win32
		{EC588A89-7CC2-445F-B894-0322E5567262}.Release|x64.ActiveCfg = Release|x64
		{EC588A89-7CC2-445F-B894-0322E5567262}.Release|x64.Build.0 = Release|x64
		{EC588A89-7CC2-445F-B894-0322E5567262}.Release|x86.ActiveCfg = Release|Win32
		{EC588A89-7CC2-445F-B894-0322E5567262}.Release|x86.Build.0 = Release|Win32
		{C57CE2A5-0CFF-40A1-B4A9-B01A45521E59}.Debug|x64.ActiveCfg = Debug|x64
		{C57CE2A5-0CFF-40A1-B4A9-B01A45521E59}.Debug|x64.Build.0 = Debug|x64
		{C57CE2A5-0CFF-40A1-B4A9-B01A45521E59}.Debug|x86.ActiveCfg = Debug|Win32
		{C57CE2A5-0CFF-40A1-B4A9-B01A45521E59}.Debug|x86.Build.0 = Debug|Win32
		{C57CE2A5-0CFF-40A1-B4A9-B01A45521E59}.Release|x64.ActiveCfg = Release|x64
		{C57CE2A5-0CFF-40A1-B4A9-B01A45521E59}.Release|x64.Build.0 = Release|x64
		{C57CE2A5-0CFF-40A1-B4A9-B01A45521E59}.Release|x86.ActiveCfg = Release|Win32
		{C57CE2A5-0CFF-40A1-B4A9-B01A45521E59}.Release|x86.Build.0 = Release|Win32
		{C4442930-6C1C-4208-BBD0-E95F4072D4DD}.Debug|x64.ActiveCfg = Debug|x64
		{C4442930-6C1C-4208-BBD0-E95F4072D4DD}.Debug|x64.Build.0 = Debug|x64
		{C4442930-6C1C-4208-BBD0-E95F4072D4DD}.Debug|x86.ActiveCfg = Debug|Win32
		{C4442930-6C1C-4208-BBD0-E95F4072D4DD}.Debug|x86.Build.0 = Debug|Win32
		{C4442930-6C1C-4208-BBD0-E95F4072D4DD}.Release|x64.ActiveCfg = Release|x64
		{C4442930-6C1C-4208-BBD0-E95F4072D4DD}.Release|x64.Build.0 = Release|x64
		{C4442930-6C1C-4208-BBD0-E95F4072D4DD}.Release|x86.ActiveCfg = Release|Win32
		{C4442930-6C1C-4208-BBD0-E95F4072D4DD}.Release|x86.Build.0 = Release|Win32
		{184E8F25-8491-4439-910C-51F835DFEF3B}.Debug|x64.ActiveCfg = Debug|x64
		{184E8F25-8491-4439-910C-51F835DFEF3B}.Debug|x64.Build.0 = Debug|x64
		{184E8F25-8491-4439-910C-51F835DFEF3B}.Debug|x86.ActiveCfg = Debug|Win32
		{184E8F25-8491-4439-910C-51F835DFEF3B}.Debug|x86.Build.0 = Debug|Win32
		{184E8F25-8491-4439-910C-51F835DFEF3B}.Release|x64.ActiveCfg = Release|x64
		{184E8F25-8491-4439-910C-51F835DFEF3B}.Release|x64.Build.0 = Release|x64
		{184E8F25-8491-4439-910C-51F835DFEF3B}.Release|x86.ActiveCfg = Release|Win32
		{184E8F25-8491-4439-910C-51F835DFEF3B}.Release|x86.Build.0 = Release|Win32
		{1AB13F46-399F-4094-B394-4A6627383FC3}.Debug|x64.ActiveCfg = Debug|x64
		{1AB13F46-399F-4094-B394-4A6627383FC3}.Debug|x64.Build.0 = Debug|x64
		{1AB13F46-399F-4094-B394-4A6627383FC3}.Debug|x86.ActiveCfg = Debug|Win32
		{1AB13F46-399F-4094-B394-4A6627383FC3}.Debug|x86.Build.0 = Debug|Win32
		{1AB13F46-399F-4094-B394-4A6627383FC3}.Release|x64.ActiveCfg = Release|x64
		{1AB13F46-399F-4094-B394-4A6627383FC3}.Release|x64.Build.0 = Release|x64
		{1AB13F46-399F-4094-B394-4A6627383FC3}.Release|x86.ActiveCfg = Release|Win32
		{1AB13F46-399F-4094-B394-4A6627383FC3}.Release|x86.Build.0 = Release|Win32
		{C82DC28E-A56A-43F9-B698-E478B4F717CF}.Debug|x64.ActiveCfg = Debug|x64
		{C82DC28E-A56A-43F9-B698-E478B4F717CF}.Debug|x64.Build.0 = Debug|x64
		{C82DC28E-A56A-43F9-B698-E478B4F717CF}.Debug|x86.ActiveCfg = Debug|Win32
		{C82DC28E-A56A-43F9-B698-E478B4F717CF}.Debug|x86.Build.0 = Debug|Win32
		{C82DC28E-A56A-43F9-B698-E478B4F717CF}.Release|x64.ActiveCfg = Release|x64
		{C82DC28E-A56A-43F9-B698-E478B4F717CF}.Release|x64.Build.0 = Release|x64
		{C82DC28E-A56A-43F9-B698-E478B4F717CF}.Release|x86.ActiveCfg = Release|Win32
		{C82DC28E-A56A-43F9-B698-E478B4F717CF}.Release|x86.Build.0 = Release|Win32
		{41499B3D-1E39-40DB-B553-0233F41049FA}.Debug|x64.ActiveCfg = Debug|x64
		{41499B3D-1E39-40DB-B553-0233F41049FA}.Debug|x64.Build.0 = Debug|x64
		{41499B3D-1E39-40DB-B553-0233F41049FA}.Debug|x86.ActiveCfg = Debug|Win32
		{41499B3D-1E39-40DB-B553-0233F41049FA}.Debug|x86.Build.0 = Debug|Win32
		{41499B3D-1E39-40DB-B553-0233F41049FA}.Release|x64.ActiveCfg = Release|x64
		{41499B3D-1E39-40DB-B553-0233F41049FA}.Release|x64.Build.0 = Release|x64
		{41499B3D-1E39-40DB-B553-0233F41049FA}.Release|x86.ActiveCfg = Release|Win32
		{41499B3D-1E39-40DB-B553-0233F41049FA}.Release|x86.Build.0 = Release|Win32
	EndGlobalSection
	GlobalSection(SolutionProperties) = preSolution
		HideSolutionNode = FALSE
	EndGlobalSection
	GlobalSection(ExtensibilityGlobals) = postSolution
		SolutionGuid = {A52411EA-AE3D-476D-ACA8-BEB62B5F0C40}
	EndGlobalSection
EndGlobal
