
Microsoft Visual Studio Solution File, Format Version 12.00
# Visual Studio Version 16
VisualStudioVersion = 16.0.31515.178
MinimumVisualStudioVersion = 10.0.40219.1
Project("{8BC9CEB8-8B4A-11D0-8D11-00A0C91BC942}") = "OAPLab_4_7_2", "OAPLab_4_7_2\OAPLab_4_7_2.vcxproj", "{CFC68480-73B4-4FC1-8457-E607A5A3C50A}"
EndProject
Global
	GlobalSection(SolutionConfigurationPlatforms) = preSolution
		Debug|x64 = Debug|x64
		Debug|x86 = Debug|x86
		Release|x64 = Release|x64
		Release|x86 = Release|x86
	EndGlobalSection
	GlobalSection(ProjectConfigurationPlatforms) = postSolution
		{CFC68480-73B4-4FC1-8457-E607A5A3C50A}.Debug|x64.ActiveCfg = Debug|x64
		{CFC68480-73B4-4FC1-8457-E607A5A3C50A}.Debug|x64.Build.0 = Debug|x64
		{CFC68480-73B4-4FC1-8457-E607A5A3C50A}.Debug|x86.ActiveCfg = Debug|Win32
		{CFC68480-73B4-4FC1-8457-E607A5A3C50A}.Debug|x86.Build.0 = Debug|Win32
		{CFC68480-73B4-4FC1-8457-E607A5A3C50A}.Release|x64.ActiveCfg = Release|x64
		{CFC68480-73B4-4FC1-8457-E607A5A3C50A}.Release|x64.Build.0 = Release|x64
		{CFC68480-73B4-4FC1-8457-E607A5A3C50A}.Release|x86.ActiveCfg = Release|Win32
		{CFC68480-73B4-4FC1-8457-E607A5A3C50A}.Release|x86.Build.0 = Release|Win32
	EndGlobalSection
	GlobalSection(SolutionProperties) = preSolution
		HideSolutionNode = FALSE
	EndGlobalSection
	GlobalSection(ExtensibilityGlobals) = postSolution
		SolutionGuid = {FCBD2E95-7B68-4B5F-BCA4-00ABE0684103}
	EndGlobalSection
EndGlobal
